
Microsoft Visual Studio Solution File, Format Version 12.00
# Visual Studio 14
VisualStudioVersion = 14.0.25420.1
MinimumVisualStudioVersion = 10.0.40219.1
Project("{2150E333-8FDC-42A3-9474-1A3956D46DE8}") = "src", "src", "{421BCC99-052D-4ED4-8726-0FDC0A31D36A}"
EndProject
Project("{2150E333-8FDC-42A3-9474-1A3956D46DE8}") = "Solution Items", "Solution Items", "{B687EAF3-05CC-444B-B1CF-7ADE49DEFC3D}"
	ProjectSection(SolutionItems) = preProject
		global.json = global.json
	EndProjectSection
EndProject
Project("{8BB2217D-0F2D-49D1-97BC-3654ED321F3B}") = "Portfolio.Web", "src\Portfolio.Web\Portfolio.Web.xproj", "{BE6A88C4-E784-4FEB-BAE9-BC7567F80CA6}"
EndProject
Project("{8BB2217D-0F2D-49D1-97BC-3654ED321F3B}") = "Portfolio.Core", "src\Portfolio.Core\Portfolio.Core.xproj", "{2728FC10-EEA3-4E4A-980D-7C66544F65D2}"
EndProject
Project("{8BB2217D-0F2D-49D1-97BC-3654ED321F3B}") = "PortFolio.DAL", "src\PortFolio.DAL\PortFolio.DAL.xproj", "{911F717D-E0E2-4AD8-87D0-1F5AB916C28A}"
EndProject
Project("{8BB2217D-0F2D-49D1-97BC-3654ED321F3B}") = "PortFolio.DAL.Impl", "src\PortFolio.DAL.Impl\PortFolio.DAL.Impl.xproj", "{D409891D-7C04-4C2D-A5CE-7F7643A70F98}"
EndProject
Project("{8BB2217D-0F2D-49D1-97BC-3654ED321F3B}") = "Portfolio.Services", "src\Portfolio.Services\Portfolio.Services.xproj", "{4586F906-8557-4F20-82C6-136DA8FE1468}"
EndProject
Project("{8BB2217D-0F2D-49D1-97BC-3654ED321F3B}") = "Portfolio.Services.Impl", "src\Portfolio.Services.Impl\Portfolio.Services.Impl.xproj", "{6AF2321C-62E1-4A37-B4D3-31F2EF8A905C}"
EndProject
Project("{8BB2217D-0F2D-49D1-97BC-3654ED321F3B}") = "Portfolio.Models", "src\Portfolio.Models\Portfolio.Models.xproj", "{42B7FA2B-8664-4959-97F8-8D9EEC1613AE}"
EndProject
Global
	GlobalSection(SolutionConfigurationPlatforms) = preSolution
		Debug|Any CPU = Debug|Any CPU
		Release|Any CPU = Release|Any CPU
	EndGlobalSection
	GlobalSection(ProjectConfigurationPlatforms) = postSolution
		{BE6A88C4-E784-4FEB-BAE9-BC7567F80CA6}.Debug|Any CPU.ActiveCfg = Debug|Any CPU
		{BE6A88C4-E784-4FEB-BAE9-BC7567F80CA6}.Debug|Any CPU.Build.0 = Debug|Any CPU
		{BE6A88C4-E784-4FEB-BAE9-BC7567F80CA6}.Release|Any CPU.ActiveCfg = Release|Any CPU
		{BE6A88C4-E784-4FEB-BAE9-BC7567F80CA6}.Release|Any CPU.Build.0 = Release|Any CPU
		{2728FC10-EEA3-4E4A-980D-7C66544F65D2}.Debug|Any CPU.ActiveCfg = Debug|Any CPU
		{2728FC10-EEA3-4E4A-980D-7C66544F65D2}.Debug|Any CPU.Build.0 = Debug|Any CPU
		{2728FC10-EEA3-4E4A-980D-7C66544F65D2}.Release|Any CPU.ActiveCfg = Release|Any CPU
		{2728FC10-EEA3-4E4A-980D-7C66544F65D2}.Release|Any CPU.Build.0 = Release|Any CPU
		{911F717D-E0E2-4AD8-87D0-1F5AB916C28A}.Debug|Any CPU.ActiveCfg = Debug|Any CPU
		{911F717D-E0E2-4AD8-87D0-1F5AB916C28A}.Debug|Any CPU.Build.0 = Debug|Any CPU
		{911F717D-E0E2-4AD8-87D0-1F5AB916C28A}.Release|Any CPU.ActiveCfg = Release|Any CPU
		{911F717D-E0E2-4AD8-87D0-1F5AB916C28A}.Release|Any CPU.Build.0 = Release|Any CPU
		{D409891D-7C04-4C2D-A5CE-7F7643A70F98}.Debug|Any CPU.ActiveCfg = Debug|Any CPU
		{D409891D-7C04-4C2D-A5CE-7F7643A70F98}.Debug|Any CPU.Build.0 = Debug|Any CPU
		{D409891D-7C04-4C2D-A5CE-7F7643A70F98}.Release|Any CPU.ActiveCfg = Release|Any CPU
		{D409891D-7C04-4C2D-A5CE-7F7643A70F98}.Release|Any CPU.Build.0 = Release|Any CPU
		{4586F906-8557-4F20-82C6-136DA8FE1468}.Debug|Any CPU.ActiveCfg = Debug|Any CPU
		{4586F906-8557-4F20-82C6-136DA8FE1468}.Debug|Any CPU.Build.0 = Debug|Any CPU
		{4586F906-8557-4F20-82C6-136DA8FE1468}.Release|Any CPU.ActiveCfg = Release|Any CPU
		{4586F906-8557-4F20-82C6-136DA8FE1468}.Release|Any CPU.Build.0 = Release|Any CPU
		{6AF2321C-62E1-4A37-B4D3-31F2EF8A905C}.Debug|Any CPU.ActiveCfg = Debug|Any CPU
		{6AF2321C-62E1-4A37-B4D3-31F2EF8A905C}.Debug|Any CPU.Build.0 = Debug|Any CPU
		{6AF2321C-62E1-4A37-B4D3-31F2EF8A905C}.Release|Any CPU.ActiveCfg = Release|Any CPU
		{6AF2321C-62E1-4A37-B4D3-31F2EF8A905C}.Release|Any CPU.Build.0 = Release|Any CPU
		{42B7FA2B-8664-4959-97F8-8D9EEC1613AE}.Debug|Any CPU.ActiveCfg = Debug|Any CPU
		{42B7FA2B-8664-4959-97F8-8D9EEC1613AE}.Debug|Any CPU.Build.0 = Debug|Any CPU
		{42B7FA2B-8664-4959-97F8-8D9EEC1613AE}.Release|Any CPU.ActiveCfg = Release|Any CPU
		{42B7FA2B-8664-4959-97F8-8D9EEC1613AE}.Release|Any CPU.Build.0 = Release|Any CPU
	EndGlobalSection
	GlobalSection(SolutionProperties) = preSolution
		HideSolutionNode = FALSE
	EndGlobalSection
	GlobalSection(NestedProjects) = preSolution
		{BE6A88C4-E784-4FEB-BAE9-BC7567F80CA6} = {421BCC99-052D-4ED4-8726-0FDC0A31D36A}
		{2728FC10-EEA3-4E4A-980D-7C66544F65D2} = {421BCC99-052D-4ED4-8726-0FDC0A31D36A}
		{911F717D-E0E2-4AD8-87D0-1F5AB916C28A} = {421BCC99-052D-4ED4-8726-0FDC0A31D36A}
		{D409891D-7C04-4C2D-A5CE-7F7643A70F98} = {421BCC99-052D-4ED4-8726-0FDC0A31D36A}
		{4586F906-8557-4F20-82C6-136DA8FE1468} = {421BCC99-052D-4ED4-8726-0FDC0A31D36A}
		{6AF2321C-62E1-4A37-B4D3-31F2EF8A905C} = {421BCC99-052D-4ED4-8726-0FDC0A31D36A}
		{42B7FA2B-8664-4959-97F8-8D9EEC1613AE} = {421BCC99-052D-4ED4-8726-0FDC0A31D36A}
	EndGlobalSection
EndGlobal
